
Microsoft Visual Studio Solution File, Format Version 12.00
# Visual Studio 14
VisualStudioVersion = 14.0.25420.1
MinimumVisualStudioVersion = 10.0.40219.1
Project("{FAE04EC0-301F-11D3-BF4B-00C04F79EFBC}") = "DelegatesApp", "Platforms\NET45\DelegatesApp\DelegatesApp.csproj", "{EC076A88-6BAC-41C3-9026-9B974939C856}"
EndProject
Project("{FAE04EC0-301F-11D3-BF4B-00C04F79EFBC}") = "DelegatesFactory", "Platforms\NET35\DelegatesFactory\DelegatesFactory.csproj", "{A52068FE-A219-4FD3-A218-44960F877553}"
EndProject
Project("{FAE04EC0-301F-11D3-BF4B-00C04F79EFBC}") = "DelegatesTest", "Platforms\NET45\DelegatesTest\DelegatesTest.csproj", "{C9EF87BC-1DA7-4887-A4E4-E27D2D259191}"
EndProject
Project("{FAE04EC0-301F-11D3-BF4B-00C04F79EFBC}") = "DelegatesFactory", "Platforms\NET45\DelegatesFactory\DelegatesFactory.csproj", "{112B137A-8F94-4E7B-A77B-685EFF84EC07}"
EndProject
Project("{2150E333-8FDC-42A3-9474-1A3956D46DE8}") = "NET45", "NET45", "{DD3B46F3-7A5E-49B4-9584-D11BF55BD8CD}"
EndProject
Project("{2150E333-8FDC-42A3-9474-1A3956D46DE8}") = "NETCore", "NETCore", "{A6C349EB-C9E6-40F2-8E8A-10EDC19C96AE}"
EndProject
Project("{2150E333-8FDC-42A3-9474-1A3956D46DE8}") = "NET35", "NET35", "{CE29B2F6-26FF-491A-B8D6-79DCD84E6ECE}"
EndProject
Project("{FAE04EC0-301F-11D3-BF4B-00C04F79EFBC}") = "DelegatesApp", "Platforms\NET35\DelegatesApp\DelegatesApp.csproj", "{2E633E41-64E1-4AE7-BFD4-C10D78FEDB85}"
EndProject
Project("{8BB2217D-0F2D-49D1-97BC-3654ED321F3B}") = "DelegatesFactory", "Platforms\NETCore\DelegatesFactory\DelegatesFactory.xproj", "{29534DC9-CB44-43B7-AB9C-7897366F20E6}"
EndProject
Project("{FAE04EC0-301F-11D3-BF4B-00C04F79EFBC}") = "DelegatesTest", "Platforms\NET35\DelegatesTest\DelegatesTest.csproj", "{B26BA86D-3DC9-4D55-93DE-68152849518D}"
EndProject
Project("{2150E333-8FDC-42A3-9474-1A3956D46DE8}") = "NET46", "NET46", "{BEFB9BA2-D29A-4697-8DDC-DD2DA73ED39D}"
EndProject
Project("{FAE04EC0-301F-11D3-BF4B-00C04F79EFBC}") = "DelegatesFactory", "Platforms\NET46\DelegatesFactory\DelegatesFactory.csproj", "{195C742A-24D5-46F2-9D49-F69964951D14}"
EndProject
Project("{FAE04EC0-301F-11D3-BF4B-00C04F79EFBC}") = "DelegatesApp", "Platforms\NET46\DelegatesApp\DelegatesApp.csproj", "{7D8FE1D0-40D6-4603-AB35-2D8520390DB0}"
EndProject
Project("{FAE04EC0-301F-11D3-BF4B-00C04F79EFBC}") = "DelegatesTest", "Platforms\NET46\DelegatesTest\DelegatesTest.csproj", "{2CDFF5D2-85C3-4404-A17A-76C1B6D6D85C}"
EndProject
Project("{2150E333-8FDC-42A3-9474-1A3956D46DE8}") = "Common", "Common", "{DC8497EF-E6D9-425F-8923-479C3190AB00}"
	ProjectSection(SolutionItems) = preProject
		Common\DelegatesAppAssemblyInfo.cs = Common\DelegatesAppAssemblyInfo.cs
		Common\DelegatesAssemblyInfo.cs = Common\DelegatesAssemblyInfo.cs
		Common\DelegatesTestAssemblyInfo.cs = Common\DelegatesTestAssemblyInfo.cs
		Common\SolutionAssemblyInfo.cs = Common\SolutionAssemblyInfo.cs
	EndProjectSection
EndProject
Project("{2150E333-8FDC-42A3-9474-1A3956D46DE8}") = "NET4", "NET4", "{A7BEC3A2-F03A-49F6-B9BB-AE13CCD85CC8}"
EndProject
Project("{FAE04EC0-301F-11D3-BF4B-00C04F79EFBC}") = "DelegatesFactory", "Platforms\NET4\DelegatesFactory\DelegatesFactory.csproj", "{7E81BDCC-0C53-42E2-B051-3664E4D5E007}"
EndProject
Project("{FAE04EC0-301F-11D3-BF4B-00C04F79EFBC}") = "DelegatesApp", "Platforms\NET4\DelegatesApp\DelegatesApp.csproj", "{AD37DFAB-42FE-4C9A-9DC8-67004D87402E}"
EndProject
Project("{FAE04EC0-301F-11D3-BF4B-00C04F79EFBC}") = "DelegatesTest", "Platforms\NET4\DelegatesTest\DelegatesTest.csproj", "{5DB38D8B-7CDA-4F75-8955-E40503F50E68}"
EndProject
Project("{2150E333-8FDC-42A3-9474-1A3956D46DE8}") = "NETPortable", "NETPortable", "{AAA8B143-512A-40BE-958F-4646E6365528}"
EndProject
Project("{FAE04EC0-301F-11D3-BF4B-00C04F79EFBC}") = "DelegatesFactory", "Platforms\NETPortable\DelegatesFactory\DelegatesFactory.csproj", "{24B450B4-8C97-47C6-8CF8-9B4D761AB3FC}"
EndProject
Project("{FAE04EC0-301F-11D3-BF4B-00C04F79EFBC}") = "DelegatesTest", "Platforms\NETPortable\DelegatesTest\DelegatesTest.csproj", "{2636C5AD-535C-400B-8DA3-AD9BE6B84FC0}"
EndProject
Project("{2150E333-8FDC-42A3-9474-1A3956D46DE8}") = "NETStandard", "NETStandard", "{EA20A180-2B72-4D53-9B79-5C0ECAEE644A}"
EndProject
Project("{FAE04EC0-301F-11D3-BF4B-00C04F79EFBC}") = "DelegatesFactory", "Platforms\NETStandard\DelegatesFactory\DelegatesFactory.csproj", "{6D213D45-D740-44FA-8968-09EA1214EC09}"
EndProject
Project("{8BB2217D-0F2D-49D1-97BC-3654ED321F3B}") = "DelegatesTest", "Platforms\NETCore\DelegatesTest\DelegatesTest.xproj", "{15A19A3F-01B1-4D3C-A94A-87A2AAB677D3}"
EndProject
Project("{8BB2217D-0F2D-49D1-97BC-3654ED321F3B}") = "DelegatesTest", "Platforms\NETStandard\DelegatesTest\DelegatesTest.xproj", "{AAD88ACF-50A9-4CC3-96B1-B442EACD9699}"
EndProject
Global
	GlobalSection(SolutionConfigurationPlatforms) = preSolution
		Debug|Any CPU = Debug|Any CPU
		Debug|iPhone = Debug|iPhone
		Debug|iPhoneSimulator = Debug|iPhoneSimulator
		Release|Any CPU = Release|Any CPU
		Release|iPhone = Release|iPhone
		Release|iPhoneSimulator = Release|iPhoneSimulator
	EndGlobalSection
	GlobalSection(ProjectConfigurationPlatforms) = postSolution
		{EC076A88-6BAC-41C3-9026-9B974939C856}.Debug|Any CPU.ActiveCfg = Debug|Any CPU
		{EC076A88-6BAC-41C3-9026-9B974939C856}.Debug|Any CPU.Build.0 = Debug|Any CPU
		{EC076A88-6BAC-41C3-9026-9B974939C856}.Debug|iPhone.ActiveCfg = Debug|Any CPU
		{EC076A88-6BAC-41C3-9026-9B974939C856}.Debug|iPhone.Build.0 = Debug|Any CPU
		{EC076A88-6BAC-41C3-9026-9B974939C856}.Debug|iPhoneSimulator.ActiveCfg = Debug|Any CPU
		{EC076A88-6BAC-41C3-9026-9B974939C856}.Debug|iPhoneSimulator.Build.0 = Debug|Any CPU
		{EC076A88-6BAC-41C3-9026-9B974939C856}.Release|Any CPU.ActiveCfg = Release|Any CPU
		{EC076A88-6BAC-41C3-9026-9B974939C856}.Release|Any CPU.Build.0 = Release|Any CPU
		{EC076A88-6BAC-41C3-9026-9B974939C856}.Release|iPhone.ActiveCfg = Release|Any CPU
		{EC076A88-6BAC-41C3-9026-9B974939C856}.Release|iPhone.Build.0 = Release|Any CPU
		{EC076A88-6BAC-41C3-9026-9B974939C856}.Release|iPhoneSimulator.ActiveCfg = Release|Any CPU
		{EC076A88-6BAC-41C3-9026-9B974939C856}.Release|iPhoneSimulator.Build.0 = Release|Any CPU
		{A52068FE-A219-4FD3-A218-44960F877553}.Debug|Any CPU.ActiveCfg = Debug|Any CPU
		{A52068FE-A219-4FD3-A218-44960F877553}.Debug|Any CPU.Build.0 = Debug|Any CPU
		{A52068FE-A219-4FD3-A218-44960F877553}.Debug|iPhone.ActiveCfg = Debug|Any CPU
		{A52068FE-A219-4FD3-A218-44960F877553}.Debug|iPhone.Build.0 = Debug|Any CPU
		{A52068FE-A219-4FD3-A218-44960F877553}.Debug|iPhoneSimulator.ActiveCfg = Debug|Any CPU
		{A52068FE-A219-4FD3-A218-44960F877553}.Debug|iPhoneSimulator.Build.0 = Debug|Any CPU
		{A52068FE-A219-4FD3-A218-44960F877553}.Release|Any CPU.ActiveCfg = Release|Any CPU
		{A52068FE-A219-4FD3-A218-44960F877553}.Release|Any CPU.Build.0 = Release|Any CPU
		{A52068FE-A219-4FD3-A218-44960F877553}.Release|iPhone.ActiveCfg = Release|Any CPU
		{A52068FE-A219-4FD3-A218-44960F877553}.Release|iPhone.Build.0 = Release|Any CPU
		{A52068FE-A219-4FD3-A218-44960F877553}.Release|iPhoneSimulator.ActiveCfg = Release|Any CPU
		{A52068FE-A219-4FD3-A218-44960F877553}.Release|iPhoneSimulator.Build.0 = Release|Any CPU
		{C9EF87BC-1DA7-4887-A4E4-E27D2D259191}.Debug|Any CPU.ActiveCfg = Debug|Any CPU
		{C9EF87BC-1DA7-4887-A4E4-E27D2D259191}.Debug|Any CPU.Build.0 = Debug|Any CPU
		{C9EF87BC-1DA7-4887-A4E4-E27D2D259191}.Debug|iPhone.ActiveCfg = Debug|Any CPU
		{C9EF87BC-1DA7-4887-A4E4-E27D2D259191}.Debug|iPhone.Build.0 = Debug|Any CPU
		{C9EF87BC-1DA7-4887-A4E4-E27D2D259191}.Debug|iPhoneSimulator.ActiveCfg = Debug|Any CPU
		{C9EF87BC-1DA7-4887-A4E4-E27D2D259191}.Debug|iPhoneSimulator.Build.0 = Debug|Any CPU
		{C9EF87BC-1DA7-4887-A4E4-E27D2D259191}.Release|Any CPU.ActiveCfg = Release|Any CPU
		{C9EF87BC-1DA7-4887-A4E4-E27D2D259191}.Release|Any CPU.Build.0 = Release|Any CPU
		{C9EF87BC-1DA7-4887-A4E4-E27D2D259191}.Release|iPhone.ActiveCfg = Release|Any CPU
		{C9EF87BC-1DA7-4887-A4E4-E27D2D259191}.Release|iPhone.Build.0 = Release|Any CPU
		{C9EF87BC-1DA7-4887-A4E4-E27D2D259191}.Release|iPhoneSimulator.ActiveCfg = Release|Any CPU
		{C9EF87BC-1DA7-4887-A4E4-E27D2D259191}.Release|iPhoneSimulator.Build.0 = Release|Any CPU
		{112B137A-8F94-4E7B-A77B-685EFF84EC07}.Debug|Any CPU.ActiveCfg = Debug|Any CPU
		{112B137A-8F94-4E7B-A77B-685EFF84EC07}.Debug|Any CPU.Build.0 = Debug|Any CPU
		{112B137A-8F94-4E7B-A77B-685EFF84EC07}.Debug|iPhone.ActiveCfg = Debug|Any CPU
		{112B137A-8F94-4E7B-A77B-685EFF84EC07}.Debug|iPhone.Build.0 = Debug|Any CPU
		{112B137A-8F94-4E7B-A77B-685EFF84EC07}.Debug|iPhoneSimulator.ActiveCfg = Debug|Any CPU
		{112B137A-8F94-4E7B-A77B-685EFF84EC07}.Debug|iPhoneSimulator.Build.0 = Debug|Any CPU
		{112B137A-8F94-4E7B-A77B-685EFF84EC07}.Release|Any CPU.ActiveCfg = Release|Any CPU
		{112B137A-8F94-4E7B-A77B-685EFF84EC07}.Release|Any CPU.Build.0 = Release|Any CPU
		{112B137A-8F94-4E7B-A77B-685EFF84EC07}.Release|iPhone.ActiveCfg = Release|Any CPU
		{112B137A-8F94-4E7B-A77B-685EFF84EC07}.Release|iPhone.Build.0 = Release|Any CPU
		{112B137A-8F94-4E7B-A77B-685EFF84EC07}.Release|iPhoneSimulator.ActiveCfg = Release|Any CPU
		{112B137A-8F94-4E7B-A77B-685EFF84EC07}.Release|iPhoneSimulator.Build.0 = Release|Any CPU
		{2E633E41-64E1-4AE7-BFD4-C10D78FEDB85}.Debug|Any CPU.ActiveCfg = Debug|Any CPU
		{2E633E41-64E1-4AE7-BFD4-C10D78FEDB85}.Debug|Any CPU.Build.0 = Debug|Any CPU
		{2E633E41-64E1-4AE7-BFD4-C10D78FEDB85}.Debug|iPhone.ActiveCfg = Debug|Any CPU
		{2E633E41-64E1-4AE7-BFD4-C10D78FEDB85}.Debug|iPhone.Build.0 = Debug|Any CPU
		{2E633E41-64E1-4AE7-BFD4-C10D78FEDB85}.Debug|iPhoneSimulator.ActiveCfg = Debug|Any CPU
		{2E633E41-64E1-4AE7-BFD4-C10D78FEDB85}.Debug|iPhoneSimulator.Build.0 = Debug|Any CPU
		{2E633E41-64E1-4AE7-BFD4-C10D78FEDB85}.Release|Any CPU.ActiveCfg = Release|Any CPU
		{2E633E41-64E1-4AE7-BFD4-C10D78FEDB85}.Release|Any CPU.Build.0 = Release|Any CPU
		{2E633E41-64E1-4AE7-BFD4-C10D78FEDB85}.Release|iPhone.ActiveCfg = Release|Any CPU
		{2E633E41-64E1-4AE7-BFD4-C10D78FEDB85}.Release|iPhone.Build.0 = Release|Any CPU
		{2E633E41-64E1-4AE7-BFD4-C10D78FEDB85}.Release|iPhoneSimulator.ActiveCfg = Release|Any CPU
		{2E633E41-64E1-4AE7-BFD4-C10D78FEDB85}.Release|iPhoneSimulator.Build.0 = Release|Any CPU
		{29534DC9-CB44-43B7-AB9C-7897366F20E6}.Debug|Any CPU.ActiveCfg = Debug|Any CPU
		{29534DC9-CB44-43B7-AB9C-7897366F20E6}.Debug|Any CPU.Build.0 = Debug|Any CPU
		{29534DC9-CB44-43B7-AB9C-7897366F20E6}.Debug|iPhone.ActiveCfg = Debug|Any CPU
		{29534DC9-CB44-43B7-AB9C-7897366F20E6}.Debug|iPhone.Build.0 = Debug|Any CPU
		{29534DC9-CB44-43B7-AB9C-7897366F20E6}.Debug|iPhoneSimulator.ActiveCfg = Debug|Any CPU
		{29534DC9-CB44-43B7-AB9C-7897366F20E6}.Debug|iPhoneSimulator.Build.0 = Debug|Any CPU
		{29534DC9-CB44-43B7-AB9C-7897366F20E6}.Release|Any CPU.ActiveCfg = Release|Any CPU
		{29534DC9-CB44-43B7-AB9C-7897366F20E6}.Release|Any CPU.Build.0 = Release|Any CPU
		{29534DC9-CB44-43B7-AB9C-7897366F20E6}.Release|iPhone.ActiveCfg = Release|Any CPU
		{29534DC9-CB44-43B7-AB9C-7897366F20E6}.Release|iPhone.Build.0 = Release|Any CPU
		{29534DC9-CB44-43B7-AB9C-7897366F20E6}.Release|iPhoneSimulator.ActiveCfg = Release|Any CPU
		{29534DC9-CB44-43B7-AB9C-7897366F20E6}.Release|iPhoneSimulator.Build.0 = Release|Any CPU
		{B26BA86D-3DC9-4D55-93DE-68152849518D}.Debug|Any CPU.ActiveCfg = Debug|Any CPU
		{B26BA86D-3DC9-4D55-93DE-68152849518D}.Debug|Any CPU.Build.0 = Debug|Any CPU
		{B26BA86D-3DC9-4D55-93DE-68152849518D}.Debug|iPhone.ActiveCfg = Debug|Any CPU
		{B26BA86D-3DC9-4D55-93DE-68152849518D}.Debug|iPhone.Build.0 = Debug|Any CPU
		{B26BA86D-3DC9-4D55-93DE-68152849518D}.Debug|iPhoneSimulator.ActiveCfg = Debug|Any CPU
		{B26BA86D-3DC9-4D55-93DE-68152849518D}.Debug|iPhoneSimulator.Build.0 = Debug|Any CPU
		{B26BA86D-3DC9-4D55-93DE-68152849518D}.Release|Any CPU.ActiveCfg = Release|Any CPU
		{B26BA86D-3DC9-4D55-93DE-68152849518D}.Release|Any CPU.Build.0 = Release|Any CPU
		{B26BA86D-3DC9-4D55-93DE-68152849518D}.Release|iPhone.ActiveCfg = Release|Any CPU
		{B26BA86D-3DC9-4D55-93DE-68152849518D}.Release|iPhone.Build.0 = Release|Any CPU
		{B26BA86D-3DC9-4D55-93DE-68152849518D}.Release|iPhoneSimulator.ActiveCfg = Release|Any CPU
		{B26BA86D-3DC9-4D55-93DE-68152849518D}.Release|iPhoneSimulator.Build.0 = Release|Any CPU
		{195C742A-24D5-46F2-9D49-F69964951D14}.Debug|Any CPU.ActiveCfg = Debug|Any CPU
		{195C742A-24D5-46F2-9D49-F69964951D14}.Debug|Any CPU.Build.0 = Debug|Any CPU
		{195C742A-24D5-46F2-9D49-F69964951D14}.Debug|iPhone.ActiveCfg = Debug|Any CPU
		{195C742A-24D5-46F2-9D49-F69964951D14}.Debug|iPhone.Build.0 = Debug|Any CPU
		{195C742A-24D5-46F2-9D49-F69964951D14}.Debug|iPhoneSimulator.ActiveCfg = Debug|Any CPU
		{195C742A-24D5-46F2-9D49-F69964951D14}.Debug|iPhoneSimulator.Build.0 = Debug|Any CPU
		{195C742A-24D5-46F2-9D49-F69964951D14}.Release|Any CPU.ActiveCfg = Release|Any CPU
		{195C742A-24D5-46F2-9D49-F69964951D14}.Release|Any CPU.Build.0 = Release|Any CPU
		{195C742A-24D5-46F2-9D49-F69964951D14}.Release|iPhone.ActiveCfg = Release|Any CPU
		{195C742A-24D5-46F2-9D49-F69964951D14}.Release|iPhone.Build.0 = Release|Any CPU
		{195C742A-24D5-46F2-9D49-F69964951D14}.Release|iPhoneSimulator.ActiveCfg = Release|Any CPU
		{195C742A-24D5-46F2-9D49-F69964951D14}.Release|iPhoneSimulator.Build.0 = Release|Any CPU
		{7D8FE1D0-40D6-4603-AB35-2D8520390DB0}.Debug|Any CPU.ActiveCfg = Debug|Any CPU
		{7D8FE1D0-40D6-4603-AB35-2D8520390DB0}.Debug|Any CPU.Build.0 = Debug|Any CPU
		{7D8FE1D0-40D6-4603-AB35-2D8520390DB0}.Debug|iPhone.ActiveCfg = Debug|Any CPU
		{7D8FE1D0-40D6-4603-AB35-2D8520390DB0}.Debug|iPhone.Build.0 = Debug|Any CPU
		{7D8FE1D0-40D6-4603-AB35-2D8520390DB0}.Debug|iPhoneSimulator.ActiveCfg = Debug|Any CPU
		{7D8FE1D0-40D6-4603-AB35-2D8520390DB0}.Debug|iPhoneSimulator.Build.0 = Debug|Any CPU
		{7D8FE1D0-40D6-4603-AB35-2D8520390DB0}.Release|Any CPU.ActiveCfg = Release|Any CPU
		{7D8FE1D0-40D6-4603-AB35-2D8520390DB0}.Release|Any CPU.Build.0 = Release|Any CPU
		{7D8FE1D0-40D6-4603-AB35-2D8520390DB0}.Release|iPhone.ActiveCfg = Release|Any CPU
		{7D8FE1D0-40D6-4603-AB35-2D8520390DB0}.Release|iPhone.Build.0 = Release|Any CPU
		{7D8FE1D0-40D6-4603-AB35-2D8520390DB0}.Release|iPhoneSimulator.ActiveCfg = Release|Any CPU
		{7D8FE1D0-40D6-4603-AB35-2D8520390DB0}.Release|iPhoneSimulator.Build.0 = Release|Any CPU
		{2CDFF5D2-85C3-4404-A17A-76C1B6D6D85C}.Debug|Any CPU.ActiveCfg = Debug|Any CPU
		{2CDFF5D2-85C3-4404-A17A-76C1B6D6D85C}.Debug|Any CPU.Build.0 = Debug|Any CPU
		{2CDFF5D2-85C3-4404-A17A-76C1B6D6D85C}.Debug|iPhone.ActiveCfg = Debug|Any CPU
		{2CDFF5D2-85C3-4404-A17A-76C1B6D6D85C}.Debug|iPhone.Build.0 = Debug|Any CPU
		{2CDFF5D2-85C3-4404-A17A-76C1B6D6D85C}.Debug|iPhoneSimulator.ActiveCfg = Debug|Any CPU
		{2CDFF5D2-85C3-4404-A17A-76C1B6D6D85C}.Debug|iPhoneSimulator.Build.0 = Debug|Any CPU
		{2CDFF5D2-85C3-4404-A17A-76C1B6D6D85C}.Release|Any CPU.ActiveCfg = Release|Any CPU
		{2CDFF5D2-85C3-4404-A17A-76C1B6D6D85C}.Release|Any CPU.Build.0 = Release|Any CPU
		{2CDFF5D2-85C3-4404-A17A-76C1B6D6D85C}.Release|iPhone.ActiveCfg = Release|Any CPU
		{2CDFF5D2-85C3-4404-A17A-76C1B6D6D85C}.Release|iPhone.Build.0 = Release|Any CPU
		{2CDFF5D2-85C3-4404-A17A-76C1B6D6D85C}.Release|iPhoneSimulator.ActiveCfg = Release|Any CPU
		{2CDFF5D2-85C3-4404-A17A-76C1B6D6D85C}.Release|iPhoneSimulator.Build.0 = Release|Any CPU
		{7E81BDCC-0C53-42E2-B051-3664E4D5E007}.Debug|Any CPU.ActiveCfg = Debug|Any CPU
		{7E81BDCC-0C53-42E2-B051-3664E4D5E007}.Debug|Any CPU.Build.0 = Debug|Any CPU
		{7E81BDCC-0C53-42E2-B051-3664E4D5E007}.Debug|iPhone.ActiveCfg = Debug|Any CPU
		{7E81BDCC-0C53-42E2-B051-3664E4D5E007}.Debug|iPhone.Build.0 = Debug|Any CPU
		{7E81BDCC-0C53-42E2-B051-3664E4D5E007}.Debug|iPhoneSimulator.ActiveCfg = Debug|Any CPU
		{7E81BDCC-0C53-42E2-B051-3664E4D5E007}.Debug|iPhoneSimulator.Build.0 = Debug|Any CPU
		{7E81BDCC-0C53-42E2-B051-3664E4D5E007}.Release|Any CPU.ActiveCfg = Release|Any CPU
		{7E81BDCC-0C53-42E2-B051-3664E4D5E007}.Release|Any CPU.Build.0 = Release|Any CPU
		{7E81BDCC-0C53-42E2-B051-3664E4D5E007}.Release|iPhone.ActiveCfg = Release|Any CPU
		{7E81BDCC-0C53-42E2-B051-3664E4D5E007}.Release|iPhone.Build.0 = Release|Any CPU
		{7E81BDCC-0C53-42E2-B051-3664E4D5E007}.Release|iPhoneSimulator.ActiveCfg = Release|Any CPU
		{7E81BDCC-0C53-42E2-B051-3664E4D5E007}.Release|iPhoneSimulator.Build.0 = Release|Any CPU
		{AD37DFAB-42FE-4C9A-9DC8-67004D87402E}.Debug|Any CPU.ActiveCfg = Debug|Any CPU
		{AD37DFAB-42FE-4C9A-9DC8-67004D87402E}.Debug|Any CPU.Build.0 = Debug|Any CPU
		{AD37DFAB-42FE-4C9A-9DC8-67004D87402E}.Debug|iPhone.ActiveCfg = Debug|Any CPU
		{AD37DFAB-42FE-4C9A-9DC8-67004D87402E}.Debug|iPhone.Build.0 = Debug|Any CPU
		{AD37DFAB-42FE-4C9A-9DC8-67004D87402E}.Debug|iPhoneSimulator.ActiveCfg = Debug|Any CPU
		{AD37DFAB-42FE-4C9A-9DC8-67004D87402E}.Debug|iPhoneSimulator.Build.0 = Debug|Any CPU
		{AD37DFAB-42FE-4C9A-9DC8-67004D87402E}.Release|Any CPU.ActiveCfg = Release|Any CPU
		{AD37DFAB-42FE-4C9A-9DC8-67004D87402E}.Release|Any CPU.Build.0 = Release|Any CPU
		{AD37DFAB-42FE-4C9A-9DC8-67004D87402E}.Release|iPhone.ActiveCfg = Release|Any CPU
		{AD37DFAB-42FE-4C9A-9DC8-67004D87402E}.Release|iPhone.Build.0 = Release|Any CPU
		{AD37DFAB-42FE-4C9A-9DC8-67004D87402E}.Release|iPhoneSimulator.ActiveCfg = Release|Any CPU
		{AD37DFAB-42FE-4C9A-9DC8-67004D87402E}.Release|iPhoneSimulator.Build.0 = Release|Any CPU
		{5DB38D8B-7CDA-4F75-8955-E40503F50E68}.Debug|Any CPU.ActiveCfg = Debug|Any CPU
		{5DB38D8B-7CDA-4F75-8955-E40503F50E68}.Debug|Any CPU.Build.0 = Debug|Any CPU
		{5DB38D8B-7CDA-4F75-8955-E40503F50E68}.Debug|iPhone.ActiveCfg = Debug|Any CPU
		{5DB38D8B-7CDA-4F75-8955-E40503F50E68}.Debug|iPhone.Build.0 = Debug|Any CPU
		{5DB38D8B-7CDA-4F75-8955-E40503F50E68}.Debug|iPhoneSimulator.ActiveCfg = Debug|Any CPU
		{5DB38D8B-7CDA-4F75-8955-E40503F50E68}.Debug|iPhoneSimulator.Build.0 = Debug|Any CPU
		{5DB38D8B-7CDA-4F75-8955-E40503F50E68}.Release|Any CPU.ActiveCfg = Release|Any CPU
		{5DB38D8B-7CDA-4F75-8955-E40503F50E68}.Release|Any CPU.Build.0 = Release|Any CPU
		{5DB38D8B-7CDA-4F75-8955-E40503F50E68}.Release|iPhone.ActiveCfg = Release|Any CPU
		{5DB38D8B-7CDA-4F75-8955-E40503F50E68}.Release|iPhone.Build.0 = Release|Any CPU
		{5DB38D8B-7CDA-4F75-8955-E40503F50E68}.Release|iPhoneSimulator.ActiveCfg = Release|Any CPU
		{5DB38D8B-7CDA-4F75-8955-E40503F50E68}.Release|iPhoneSimulator.Build.0 = Release|Any CPU
		{24B450B4-8C97-47C6-8CF8-9B4D761AB3FC}.Debug|Any CPU.ActiveCfg = Debug|Any CPU
		{24B450B4-8C97-47C6-8CF8-9B4D761AB3FC}.Debug|Any CPU.Build.0 = Debug|Any CPU
		{24B450B4-8C97-47C6-8CF8-9B4D761AB3FC}.Debug|iPhone.ActiveCfg = Debug|Any CPU
		{24B450B4-8C97-47C6-8CF8-9B4D761AB3FC}.Debug|iPhone.Build.0 = Debug|Any CPU
		{24B450B4-8C97-47C6-8CF8-9B4D761AB3FC}.Debug|iPhoneSimulator.ActiveCfg = Debug|Any CPU
		{24B450B4-8C97-47C6-8CF8-9B4D761AB3FC}.Debug|iPhoneSimulator.Build.0 = Debug|Any CPU
		{24B450B4-8C97-47C6-8CF8-9B4D761AB3FC}.Release|Any CPU.ActiveCfg = Release|Any CPU
		{24B450B4-8C97-47C6-8CF8-9B4D761AB3FC}.Release|Any CPU.Build.0 = Release|Any CPU
		{24B450B4-8C97-47C6-8CF8-9B4D761AB3FC}.Release|iPhone.ActiveCfg = Release|Any CPU
		{24B450B4-8C97-47C6-8CF8-9B4D761AB3FC}.Release|iPhone.Build.0 = Release|Any CPU
		{24B450B4-8C97-47C6-8CF8-9B4D761AB3FC}.Release|iPhoneSimulator.ActiveCfg = Release|Any CPU
		{24B450B4-8C97-47C6-8CF8-9B4D761AB3FC}.Release|iPhoneSimulator.Build.0 = Release|Any CPU
		{2636C5AD-535C-400B-8DA3-AD9BE6B84FC0}.Debug|Any CPU.ActiveCfg = Debug|Any CPU
		{2636C5AD-535C-400B-8DA3-AD9BE6B84FC0}.Debug|Any CPU.Build.0 = Debug|Any CPU
		{2636C5AD-535C-400B-8DA3-AD9BE6B84FC0}.Debug|iPhone.ActiveCfg = Debug|Any CPU
		{2636C5AD-535C-400B-8DA3-AD9BE6B84FC0}.Debug|iPhone.Build.0 = Debug|Any CPU
		{2636C5AD-535C-400B-8DA3-AD9BE6B84FC0}.Debug|iPhoneSimulator.ActiveCfg = Debug|Any CPU
		{2636C5AD-535C-400B-8DA3-AD9BE6B84FC0}.Debug|iPhoneSimulator.Build.0 = Debug|Any CPU
		{2636C5AD-535C-400B-8DA3-AD9BE6B84FC0}.Release|Any CPU.ActiveCfg = Release|Any CPU
		{2636C5AD-535C-400B-8DA3-AD9BE6B84FC0}.Release|Any CPU.Build.0 = Release|Any CPU
		{2636C5AD-535C-400B-8DA3-AD9BE6B84FC0}.Release|iPhone.ActiveCfg = Release|Any CPU
		{2636C5AD-535C-400B-8DA3-AD9BE6B84FC0}.Release|iPhone.Build.0 = Release|Any CPU
		{2636C5AD-535C-400B-8DA3-AD9BE6B84FC0}.Release|iPhoneSimulator.ActiveCfg = Release|Any CPU
		{2636C5AD-535C-400B-8DA3-AD9BE6B84FC0}.Release|iPhoneSimulator.Build.0 = Release|Any CPU
		{6D213D45-D740-44FA-8968-09EA1214EC09}.Debug|Any CPU.ActiveCfg = Debug|Any CPU
		{6D213D45-D740-44FA-8968-09EA1214EC09}.Debug|Any CPU.Build.0 = Debug|Any CPU
		{6D213D45-D740-44FA-8968-09EA1214EC09}.Debug|iPhone.ActiveCfg = Debug|Any CPU
		{6D213D45-D740-44FA-8968-09EA1214EC09}.Debug|iPhone.Build.0 = Debug|Any CPU
		{6D213D45-D740-44FA-8968-09EA1214EC09}.Debug|iPhoneSimulator.ActiveCfg = Debug|Any CPU
		{6D213D45-D740-44FA-8968-09EA1214EC09}.Debug|iPhoneSimulator.Build.0 = Debug|Any CPU
		{6D213D45-D740-44FA-8968-09EA1214EC09}.Release|Any CPU.ActiveCfg = Release|Any CPU
		{6D213D45-D740-44FA-8968-09EA1214EC09}.Release|Any CPU.Build.0 = Release|Any CPU
		{6D213D45-D740-44FA-8968-09EA1214EC09}.Release|iPhone.ActiveCfg = Release|Any CPU
		{6D213D45-D740-44FA-8968-09EA1214EC09}.Release|iPhone.Build.0 = Release|Any CPU
		{6D213D45-D740-44FA-8968-09EA1214EC09}.Release|iPhoneSimulator.ActiveCfg = Release|Any CPU
		{6D213D45-D740-44FA-8968-09EA1214EC09}.Release|iPhoneSimulator.Build.0 = Release|Any CPU
		{15A19A3F-01B1-4D3C-A94A-87A2AAB677D3}.Debug|Any CPU.ActiveCfg = Debug|Any CPU
		{15A19A3F-01B1-4D3C-A94A-87A2AAB677D3}.Debug|Any CPU.Build.0 = Debug|Any CPU
		{15A19A3F-01B1-4D3C-A94A-87A2AAB677D3}.Debug|iPhone.ActiveCfg = Debug|Any CPU
		{15A19A3F-01B1-4D3C-A94A-87A2AAB677D3}.Debug|iPhone.Build.0 = Debug|Any CPU
		{15A19A3F-01B1-4D3C-A94A-87A2AAB677D3}.Debug|iPhoneSimulator.ActiveCfg = Debug|Any CPU
		{15A19A3F-01B1-4D3C-A94A-87A2AAB677D3}.Debug|iPhoneSimulator.Build.0 = Debug|Any CPU
		{15A19A3F-01B1-4D3C-A94A-87A2AAB677D3}.Release|Any CPU.ActiveCfg = Release|Any CPU
		{15A19A3F-01B1-4D3C-A94A-87A2AAB677D3}.Release|Any CPU.Build.0 = Release|Any CPU
		{15A19A3F-01B1-4D3C-A94A-87A2AAB677D3}.Release|iPhone.ActiveCfg = Release|Any CPU
		{15A19A3F-01B1-4D3C-A94A-87A2AAB677D3}.Release|iPhone.Build.0 = Release|Any CPU
		{15A19A3F-01B1-4D3C-A94A-87A2AAB677D3}.Release|iPhoneSimulator.ActiveCfg = Release|Any CPU
		{15A19A3F-01B1-4D3C-A94A-87A2AAB677D3}.Release|iPhoneSimulator.Build.0 = Release|Any CPU
		{AAD88ACF-50A9-4CC3-96B1-B442EACD9699}.Debug|Any CPU.ActiveCfg = Debug|Any CPU
		{AAD88ACF-50A9-4CC3-96B1-B442EACD9699}.Debug|Any CPU.Build.0 = Debug|Any CPU
		{AAD88ACF-50A9-4CC3-96B1-B442EACD9699}.Debug|iPhone.ActiveCfg = Debug|Any CPU
		{AAD88ACF-50A9-4CC3-96B1-B442EACD9699}.Debug|iPhone.Build.0 = Debug|Any CPU
		{AAD88ACF-50A9-4CC3-96B1-B442EACD9699}.Debug|iPhoneSimulator.ActiveCfg = Debug|Any CPU
		{AAD88ACF-50A9-4CC3-96B1-B442EACD9699}.Debug|iPhoneSimulator.Build.0 = Debug|Any CPU
		{AAD88ACF-50A9-4CC3-96B1-B442EACD9699}.Release|Any CPU.ActiveCfg = Release|Any CPU
		{AAD88ACF-50A9-4CC3-96B1-B442EACD9699}.Release|Any CPU.Build.0 = Release|Any CPU
		{AAD88ACF-50A9-4CC3-96B1-B442EACD9699}.Release|iPhone.ActiveCfg = Release|Any CPU
		{AAD88ACF-50A9-4CC3-96B1-B442EACD9699}.Release|iPhone.Build.0 = Release|Any CPU
		{AAD88ACF-50A9-4CC3-96B1-B442EACD9699}.Release|iPhoneSimulator.ActiveCfg = Release|Any CPU
		{AAD88ACF-50A9-4CC3-96B1-B442EACD9699}.Release|iPhoneSimulator.Build.0 = Release|Any CPU
	EndGlobalSection
	GlobalSection(SolutionProperties) = preSolution
		HideSolutionNode = FALSE
	EndGlobalSection
	GlobalSection(NestedProjects) = preSolution
		{EC076A88-6BAC-41C3-9026-9B974939C856} = {DD3B46F3-7A5E-49B4-9584-D11BF55BD8CD}
		{A52068FE-A219-4FD3-A218-44960F877553} = {CE29B2F6-26FF-491A-B8D6-79DCD84E6ECE}
		{C9EF87BC-1DA7-4887-A4E4-E27D2D259191} = {DD3B46F3-7A5E-49B4-9584-D11BF55BD8CD}
		{112B137A-8F94-4E7B-A77B-685EFF84EC07} = {DD3B46F3-7A5E-49B4-9584-D11BF55BD8CD}
		{2E633E41-64E1-4AE7-BFD4-C10D78FEDB85} = {CE29B2F6-26FF-491A-B8D6-79DCD84E6ECE}
		{29534DC9-CB44-43B7-AB9C-7897366F20E6} = {A6C349EB-C9E6-40F2-8E8A-10EDC19C96AE}
		{B26BA86D-3DC9-4D55-93DE-68152849518D} = {CE29B2F6-26FF-491A-B8D6-79DCD84E6ECE}
		{195C742A-24D5-46F2-9D49-F69964951D14} = {BEFB9BA2-D29A-4697-8DDC-DD2DA73ED39D}
		{7D8FE1D0-40D6-4603-AB35-2D8520390DB0} = {BEFB9BA2-D29A-4697-8DDC-DD2DA73ED39D}
		{2CDFF5D2-85C3-4404-A17A-76C1B6D6D85C} = {BEFB9BA2-D29A-4697-8DDC-DD2DA73ED39D}
		{7E81BDCC-0C53-42E2-B051-3664E4D5E007} = {A7BEC3A2-F03A-49F6-B9BB-AE13CCD85CC8}
		{AD37DFAB-42FE-4C9A-9DC8-67004D87402E} = {A7BEC3A2-F03A-49F6-B9BB-AE13CCD85CC8}
		{5DB38D8B-7CDA-4F75-8955-E40503F50E68} = {A7BEC3A2-F03A-49F6-B9BB-AE13CCD85CC8}
		{24B450B4-8C97-47C6-8CF8-9B4D761AB3FC} = {AAA8B143-512A-40BE-958F-4646E6365528}
		{2636C5AD-535C-400B-8DA3-AD9BE6B84FC0} = {AAA8B143-512A-40BE-958F-4646E6365528}
		{6D213D45-D740-44FA-8968-09EA1214EC09} = {EA20A180-2B72-4D53-9B79-5C0ECAEE644A}
		{15A19A3F-01B1-4D3C-A94A-87A2AAB677D3} = {A6C349EB-C9E6-40F2-8E8A-10EDC19C96AE}
		{AAD88ACF-50A9-4CC3-96B1-B442EACD9699} = {EA20A180-2B72-4D53-9B79-5C0ECAEE644A}
	EndGlobalSection
EndGlobal
