
Microsoft Visual Studio Solution File, Format Version 12.00
# Visual Studio 14
VisualStudioVersion = 14.0.25420.1
MinimumVisualStudioVersion = 10.0.40219.1
Project("{FAE04EC0-301F-11D3-BF4B-00C04F79EFBC}") = "DelegatesApp", "NET45\DelegatesApp\DelegatesApp.csproj", "{EC076A88-6BAC-41C3-9026-9B974939C856}"
EndProject
Project("{FAE04EC0-301F-11D3-BF4B-00C04F79EFBC}") = "Delegates", "NET35\Delegates\Delegates.csproj", "{A52068FE-A219-4FD3-A218-44960F877553}"
EndProject
Project("{FAE04EC0-301F-11D3-BF4B-00C04F79EFBC}") = "DelegatesTest", "NET45\DelegatesTest\DelegatesTest.csproj", "{C9EF87BC-1DA7-4887-A4E4-E27D2D259191}"
EndProject
Project("{FAE04EC0-301F-11D3-BF4B-00C04F79EFBC}") = "Delegates", "NET45\Delegates\Delegates.csproj", "{112B137A-8F94-4E7B-A77B-685EFF84EC07}"
EndProject
Project("{2150E333-8FDC-42A3-9474-1A3956D46DE8}") = "NET45", "NET45", "{DD3B46F3-7A5E-49B4-9584-D11BF55BD8CD}"
EndProject
Project("{2150E333-8FDC-42A3-9474-1A3956D46DE8}") = "NETCore", "NETCore", "{A6C349EB-C9E6-40F2-8E8A-10EDC19C96AE}"
EndProject
Project("{2150E333-8FDC-42A3-9474-1A3956D46DE8}") = "NET35", "NET35", "{CE29B2F6-26FF-491A-B8D6-79DCD84E6ECE}"
EndProject
Project("{FAE04EC0-301F-11D3-BF4B-00C04F79EFBC}") = "DelegatesApp", "NET35\DelegatesApp\DelegatesApp.csproj", "{2E633E41-64E1-4AE7-BFD4-C10D78FEDB85}"
EndProject
Project("{8BB2217D-0F2D-49D1-97BC-3654ED321F3B}") = "Delegates", "NETCore\Delegates\Delegates.xproj", "{29534DC9-CB44-43B7-AB9C-7897366F20E6}"
EndProject
Project("{FAE04EC0-301F-11D3-BF4B-00C04F79EFBC}") = "DelegatesTest", "NET35\DelegatesTest\DelegatesTest.csproj", "{B26BA86D-3DC9-4D55-93DE-68152849518D}"
EndProject
Project("{8BB2217D-0F2D-49D1-97BC-3654ED321F3B}") = "DelegatesTest", "NETCore\DelegatesTest\DelegatesTest.xproj", "{15A19A3F-01B1-4D3C-A94A-87A2AAB677D3}"
EndProject
Global
	GlobalSection(SolutionConfigurationPlatforms) = preSolution
		Ad-Hoc|Any CPU = Ad-Hoc|Any CPU
		Ad-Hoc|iPhone = Ad-Hoc|iPhone
		Ad-Hoc|iPhoneSimulator = Ad-Hoc|iPhoneSimulator
		AppStore|Any CPU = AppStore|Any CPU
		AppStore|iPhone = AppStore|iPhone
		AppStore|iPhoneSimulator = AppStore|iPhoneSimulator
		Debug|Any CPU = Debug|Any CPU
		Debug|iPhone = Debug|iPhone
		Debug|iPhoneSimulator = Debug|iPhoneSimulator
		Release|Any CPU = Release|Any CPU
		Release|iPhone = Release|iPhone
		Release|iPhoneSimulator = Release|iPhoneSimulator
	EndGlobalSection
	GlobalSection(ProjectConfigurationPlatforms) = postSolution
		{EC076A88-6BAC-41C3-9026-9B974939C856}.Ad-Hoc|Any CPU.ActiveCfg = Release|Any CPU
		{EC076A88-6BAC-41C3-9026-9B974939C856}.Ad-Hoc|Any CPU.Build.0 = Release|Any CPU
		{EC076A88-6BAC-41C3-9026-9B974939C856}.Ad-Hoc|iPhone.ActiveCfg = Release|Any CPU
		{EC076A88-6BAC-41C3-9026-9B974939C856}.Ad-Hoc|iPhone.Build.0 = Release|Any CPU
		{EC076A88-6BAC-41C3-9026-9B974939C856}.Ad-Hoc|iPhoneSimulator.ActiveCfg = Release|Any CPU
		{EC076A88-6BAC-41C3-9026-9B974939C856}.Ad-Hoc|iPhoneSimulator.Build.0 = Release|Any CPU
		{EC076A88-6BAC-41C3-9026-9B974939C856}.AppStore|Any CPU.ActiveCfg = Release|Any CPU
		{EC076A88-6BAC-41C3-9026-9B974939C856}.AppStore|Any CPU.Build.0 = Release|Any CPU
		{EC076A88-6BAC-41C3-9026-9B974939C856}.AppStore|iPhone.ActiveCfg = Release|Any CPU
		{EC076A88-6BAC-41C3-9026-9B974939C856}.AppStore|iPhone.Build.0 = Release|Any CPU
		{EC076A88-6BAC-41C3-9026-9B974939C856}.AppStore|iPhoneSimulator.ActiveCfg = Release|Any CPU
		{EC076A88-6BAC-41C3-9026-9B974939C856}.AppStore|iPhoneSimulator.Build.0 = Release|Any CPU
		{EC076A88-6BAC-41C3-9026-9B974939C856}.Debug|Any CPU.ActiveCfg = Debug|Any CPU
		{EC076A88-6BAC-41C3-9026-9B974939C856}.Debug|Any CPU.Build.0 = Debug|Any CPU
		{EC076A88-6BAC-41C3-9026-9B974939C856}.Debug|iPhone.ActiveCfg = Debug|Any CPU
		{EC076A88-6BAC-41C3-9026-9B974939C856}.Debug|iPhone.Build.0 = Debug|Any CPU
		{EC076A88-6BAC-41C3-9026-9B974939C856}.Debug|iPhoneSimulator.ActiveCfg = Debug|Any CPU
		{EC076A88-6BAC-41C3-9026-9B974939C856}.Debug|iPhoneSimulator.Build.0 = Debug|Any CPU
		{EC076A88-6BAC-41C3-9026-9B974939C856}.Release|Any CPU.ActiveCfg = Release|Any CPU
		{EC076A88-6BAC-41C3-9026-9B974939C856}.Release|Any CPU.Build.0 = Release|Any CPU
		{EC076A88-6BAC-41C3-9026-9B974939C856}.Release|iPhone.ActiveCfg = Release|Any CPU
		{EC076A88-6BAC-41C3-9026-9B974939C856}.Release|iPhone.Build.0 = Release|Any CPU
		{EC076A88-6BAC-41C3-9026-9B974939C856}.Release|iPhoneSimulator.ActiveCfg = Release|Any CPU
		{EC076A88-6BAC-41C3-9026-9B974939C856}.Release|iPhoneSimulator.Build.0 = Release|Any CPU
		{A52068FE-A219-4FD3-A218-44960F877553}.Ad-Hoc|Any CPU.ActiveCfg = Release|Any CPU
		{A52068FE-A219-4FD3-A218-44960F877553}.Ad-Hoc|Any CPU.Build.0 = Release|Any CPU
		{A52068FE-A219-4FD3-A218-44960F877553}.Ad-Hoc|iPhone.ActiveCfg = Release|Any CPU
		{A52068FE-A219-4FD3-A218-44960F877553}.Ad-Hoc|iPhone.Build.0 = Release|Any CPU
		{A52068FE-A219-4FD3-A218-44960F877553}.Ad-Hoc|iPhoneSimulator.ActiveCfg = Release|Any CPU
		{A52068FE-A219-4FD3-A218-44960F877553}.Ad-Hoc|iPhoneSimulator.Build.0 = Release|Any CPU
		{A52068FE-A219-4FD3-A218-44960F877553}.AppStore|Any CPU.ActiveCfg = Release|Any CPU
		{A52068FE-A219-4FD3-A218-44960F877553}.AppStore|Any CPU.Build.0 = Release|Any CPU
		{A52068FE-A219-4FD3-A218-44960F877553}.AppStore|iPhone.ActiveCfg = Release|Any CPU
		{A52068FE-A219-4FD3-A218-44960F877553}.AppStore|iPhone.Build.0 = Release|Any CPU
		{A52068FE-A219-4FD3-A218-44960F877553}.AppStore|iPhoneSimulator.ActiveCfg = Release|Any CPU
		{A52068FE-A219-4FD3-A218-44960F877553}.AppStore|iPhoneSimulator.Build.0 = Release|Any CPU
		{A52068FE-A219-4FD3-A218-44960F877553}.Debug|Any CPU.ActiveCfg = Debug|Any CPU
		{A52068FE-A219-4FD3-A218-44960F877553}.Debug|Any CPU.Build.0 = Debug|Any CPU
		{A52068FE-A219-4FD3-A218-44960F877553}.Debug|iPhone.ActiveCfg = Debug|Any CPU
		{A52068FE-A219-4FD3-A218-44960F877553}.Debug|iPhone.Build.0 = Debug|Any CPU
		{A52068FE-A219-4FD3-A218-44960F877553}.Debug|iPhoneSimulator.ActiveCfg = Debug|Any CPU
		{A52068FE-A219-4FD3-A218-44960F877553}.Debug|iPhoneSimulator.Build.0 = Debug|Any CPU
		{A52068FE-A219-4FD3-A218-44960F877553}.Release|Any CPU.ActiveCfg = Release|Any CPU
		{A52068FE-A219-4FD3-A218-44960F877553}.Release|Any CPU.Build.0 = Release|Any CPU
		{A52068FE-A219-4FD3-A218-44960F877553}.Release|iPhone.ActiveCfg = Release|Any CPU
		{A52068FE-A219-4FD3-A218-44960F877553}.Release|iPhone.Build.0 = Release|Any CPU
		{A52068FE-A219-4FD3-A218-44960F877553}.Release|iPhoneSimulator.ActiveCfg = Release|Any CPU
		{A52068FE-A219-4FD3-A218-44960F877553}.Release|iPhoneSimulator.Build.0 = Release|Any CPU
		{C9EF87BC-1DA7-4887-A4E4-E27D2D259191}.Ad-Hoc|Any CPU.ActiveCfg = Release|Any CPU
		{C9EF87BC-1DA7-4887-A4E4-E27D2D259191}.Ad-Hoc|Any CPU.Build.0 = Release|Any CPU
		{C9EF87BC-1DA7-4887-A4E4-E27D2D259191}.Ad-Hoc|iPhone.ActiveCfg = Release|Any CPU
		{C9EF87BC-1DA7-4887-A4E4-E27D2D259191}.Ad-Hoc|iPhone.Build.0 = Release|Any CPU
		{C9EF87BC-1DA7-4887-A4E4-E27D2D259191}.Ad-Hoc|iPhoneSimulator.ActiveCfg = Release|Any CPU
		{C9EF87BC-1DA7-4887-A4E4-E27D2D259191}.Ad-Hoc|iPhoneSimulator.Build.0 = Release|Any CPU
		{C9EF87BC-1DA7-4887-A4E4-E27D2D259191}.AppStore|Any CPU.ActiveCfg = Release|Any CPU
		{C9EF87BC-1DA7-4887-A4E4-E27D2D259191}.AppStore|Any CPU.Build.0 = Release|Any CPU
		{C9EF87BC-1DA7-4887-A4E4-E27D2D259191}.AppStore|iPhone.ActiveCfg = Release|Any CPU
		{C9EF87BC-1DA7-4887-A4E4-E27D2D259191}.AppStore|iPhone.Build.0 = Release|Any CPU
		{C9EF87BC-1DA7-4887-A4E4-E27D2D259191}.AppStore|iPhoneSimulator.ActiveCfg = Release|Any CPU
		{C9EF87BC-1DA7-4887-A4E4-E27D2D259191}.AppStore|iPhoneSimulator.Build.0 = Release|Any CPU
		{C9EF87BC-1DA7-4887-A4E4-E27D2D259191}.Debug|Any CPU.ActiveCfg = Debug|Any CPU
		{C9EF87BC-1DA7-4887-A4E4-E27D2D259191}.Debug|Any CPU.Build.0 = Debug|Any CPU
		{C9EF87BC-1DA7-4887-A4E4-E27D2D259191}.Debug|iPhone.ActiveCfg = Debug|Any CPU
		{C9EF87BC-1DA7-4887-A4E4-E27D2D259191}.Debug|iPhone.Build.0 = Debug|Any CPU
		{C9EF87BC-1DA7-4887-A4E4-E27D2D259191}.Debug|iPhoneSimulator.ActiveCfg = Debug|Any CPU
		{C9EF87BC-1DA7-4887-A4E4-E27D2D259191}.Debug|iPhoneSimulator.Build.0 = Debug|Any CPU
		{C9EF87BC-1DA7-4887-A4E4-E27D2D259191}.Release|Any CPU.ActiveCfg = Release|Any CPU
		{C9EF87BC-1DA7-4887-A4E4-E27D2D259191}.Release|Any CPU.Build.0 = Release|Any CPU
		{C9EF87BC-1DA7-4887-A4E4-E27D2D259191}.Release|iPhone.ActiveCfg = Release|Any CPU
		{C9EF87BC-1DA7-4887-A4E4-E27D2D259191}.Release|iPhone.Build.0 = Release|Any CPU
		{C9EF87BC-1DA7-4887-A4E4-E27D2D259191}.Release|iPhoneSimulator.ActiveCfg = Release|Any CPU
		{C9EF87BC-1DA7-4887-A4E4-E27D2D259191}.Release|iPhoneSimulator.Build.0 = Release|Any CPU
		{112B137A-8F94-4E7B-A77B-685EFF84EC07}.Ad-Hoc|Any CPU.ActiveCfg = Release|Any CPU
		{112B137A-8F94-4E7B-A77B-685EFF84EC07}.Ad-Hoc|Any CPU.Build.0 = Release|Any CPU
		{112B137A-8F94-4E7B-A77B-685EFF84EC07}.Ad-Hoc|iPhone.ActiveCfg = Release|Any CPU
		{112B137A-8F94-4E7B-A77B-685EFF84EC07}.Ad-Hoc|iPhone.Build.0 = Release|Any CPU
		{112B137A-8F94-4E7B-A77B-685EFF84EC07}.Ad-Hoc|iPhoneSimulator.ActiveCfg = Release|Any CPU
		{112B137A-8F94-4E7B-A77B-685EFF84EC07}.Ad-Hoc|iPhoneSimulator.Build.0 = Release|Any CPU
		{112B137A-8F94-4E7B-A77B-685EFF84EC07}.AppStore|Any CPU.ActiveCfg = Release|Any CPU
		{112B137A-8F94-4E7B-A77B-685EFF84EC07}.AppStore|Any CPU.Build.0 = Release|Any CPU
		{112B137A-8F94-4E7B-A77B-685EFF84EC07}.AppStore|iPhone.ActiveCfg = Release|Any CPU
		{112B137A-8F94-4E7B-A77B-685EFF84EC07}.AppStore|iPhone.Build.0 = Release|Any CPU
		{112B137A-8F94-4E7B-A77B-685EFF84EC07}.AppStore|iPhoneSimulator.ActiveCfg = Release|Any CPU
		{112B137A-8F94-4E7B-A77B-685EFF84EC07}.AppStore|iPhoneSimulator.Build.0 = Release|Any CPU
		{112B137A-8F94-4E7B-A77B-685EFF84EC07}.Debug|Any CPU.ActiveCfg = Debug|Any CPU
		{112B137A-8F94-4E7B-A77B-685EFF84EC07}.Debug|Any CPU.Build.0 = Debug|Any CPU
		{112B137A-8F94-4E7B-A77B-685EFF84EC07}.Debug|iPhone.ActiveCfg = Debug|Any CPU
		{112B137A-8F94-4E7B-A77B-685EFF84EC07}.Debug|iPhone.Build.0 = Debug|Any CPU
		{112B137A-8F94-4E7B-A77B-685EFF84EC07}.Debug|iPhoneSimulator.ActiveCfg = Debug|Any CPU
		{112B137A-8F94-4E7B-A77B-685EFF84EC07}.Debug|iPhoneSimulator.Build.0 = Debug|Any CPU
		{112B137A-8F94-4E7B-A77B-685EFF84EC07}.Release|Any CPU.ActiveCfg = Release|Any CPU
		{112B137A-8F94-4E7B-A77B-685EFF84EC07}.Release|Any CPU.Build.0 = Release|Any CPU
		{112B137A-8F94-4E7B-A77B-685EFF84EC07}.Release|iPhone.ActiveCfg = Release|Any CPU
		{112B137A-8F94-4E7B-A77B-685EFF84EC07}.Release|iPhone.Build.0 = Release|Any CPU
		{112B137A-8F94-4E7B-A77B-685EFF84EC07}.Release|iPhoneSimulator.ActiveCfg = Release|Any CPU
		{112B137A-8F94-4E7B-A77B-685EFF84EC07}.Release|iPhoneSimulator.Build.0 = Release|Any CPU
		{2E633E41-64E1-4AE7-BFD4-C10D78FEDB85}.Ad-Hoc|Any CPU.ActiveCfg = Release|Any CPU
		{2E633E41-64E1-4AE7-BFD4-C10D78FEDB85}.Ad-Hoc|Any CPU.Build.0 = Release|Any CPU
		{2E633E41-64E1-4AE7-BFD4-C10D78FEDB85}.Ad-Hoc|iPhone.ActiveCfg = Release|Any CPU
		{2E633E41-64E1-4AE7-BFD4-C10D78FEDB85}.Ad-Hoc|iPhone.Build.0 = Release|Any CPU
		{2E633E41-64E1-4AE7-BFD4-C10D78FEDB85}.Ad-Hoc|iPhoneSimulator.ActiveCfg = Release|Any CPU
		{2E633E41-64E1-4AE7-BFD4-C10D78FEDB85}.Ad-Hoc|iPhoneSimulator.Build.0 = Release|Any CPU
		{2E633E41-64E1-4AE7-BFD4-C10D78FEDB85}.AppStore|Any CPU.ActiveCfg = Release|Any CPU
		{2E633E41-64E1-4AE7-BFD4-C10D78FEDB85}.AppStore|Any CPU.Build.0 = Release|Any CPU
		{2E633E41-64E1-4AE7-BFD4-C10D78FEDB85}.AppStore|iPhone.ActiveCfg = Release|Any CPU
		{2E633E41-64E1-4AE7-BFD4-C10D78FEDB85}.AppStore|iPhone.Build.0 = Release|Any CPU
		{2E633E41-64E1-4AE7-BFD4-C10D78FEDB85}.AppStore|iPhoneSimulator.ActiveCfg = Release|Any CPU
		{2E633E41-64E1-4AE7-BFD4-C10D78FEDB85}.AppStore|iPhoneSimulator.Build.0 = Release|Any CPU
		{2E633E41-64E1-4AE7-BFD4-C10D78FEDB85}.Debug|Any CPU.ActiveCfg = Debug|Any CPU
		{2E633E41-64E1-4AE7-BFD4-C10D78FEDB85}.Debug|Any CPU.Build.0 = Debug|Any CPU
		{2E633E41-64E1-4AE7-BFD4-C10D78FEDB85}.Debug|iPhone.ActiveCfg = Debug|Any CPU
		{2E633E41-64E1-4AE7-BFD4-C10D78FEDB85}.Debug|iPhone.Build.0 = Debug|Any CPU
		{2E633E41-64E1-4AE7-BFD4-C10D78FEDB85}.Debug|iPhoneSimulator.ActiveCfg = Debug|Any CPU
		{2E633E41-64E1-4AE7-BFD4-C10D78FEDB85}.Debug|iPhoneSimulator.Build.0 = Debug|Any CPU
		{2E633E41-64E1-4AE7-BFD4-C10D78FEDB85}.Release|Any CPU.ActiveCfg = Release|Any CPU
		{2E633E41-64E1-4AE7-BFD4-C10D78FEDB85}.Release|Any CPU.Build.0 = Release|Any CPU
		{2E633E41-64E1-4AE7-BFD4-C10D78FEDB85}.Release|iPhone.ActiveCfg = Release|Any CPU
		{2E633E41-64E1-4AE7-BFD4-C10D78FEDB85}.Release|iPhone.Build.0 = Release|Any CPU
		{2E633E41-64E1-4AE7-BFD4-C10D78FEDB85}.Release|iPhoneSimulator.ActiveCfg = Release|Any CPU
		{2E633E41-64E1-4AE7-BFD4-C10D78FEDB85}.Release|iPhoneSimulator.Build.0 = Release|Any CPU
		{29534DC9-CB44-43B7-AB9C-7897366F20E6}.Ad-Hoc|Any CPU.ActiveCfg = Debug|Any CPU
		{29534DC9-CB44-43B7-AB9C-7897366F20E6}.Ad-Hoc|Any CPU.Build.0 = Debug|Any CPU
		{29534DC9-CB44-43B7-AB9C-7897366F20E6}.Ad-Hoc|iPhone.ActiveCfg = Debug|Any CPU
		{29534DC9-CB44-43B7-AB9C-7897366F20E6}.Ad-Hoc|iPhone.Build.0 = Debug|Any CPU
		{29534DC9-CB44-43B7-AB9C-7897366F20E6}.Ad-Hoc|iPhoneSimulator.ActiveCfg = Debug|Any CPU
		{29534DC9-CB44-43B7-AB9C-7897366F20E6}.Ad-Hoc|iPhoneSimulator.Build.0 = Debug|Any CPU
		{29534DC9-CB44-43B7-AB9C-7897366F20E6}.AppStore|Any CPU.ActiveCfg = Debug|Any CPU
		{29534DC9-CB44-43B7-AB9C-7897366F20E6}.AppStore|Any CPU.Build.0 = Debug|Any CPU
		{29534DC9-CB44-43B7-AB9C-7897366F20E6}.AppStore|iPhone.ActiveCfg = Debug|Any CPU
		{29534DC9-CB44-43B7-AB9C-7897366F20E6}.AppStore|iPhone.Build.0 = Debug|Any CPU
		{29534DC9-CB44-43B7-AB9C-7897366F20E6}.AppStore|iPhoneSimulator.ActiveCfg = Debug|Any CPU
		{29534DC9-CB44-43B7-AB9C-7897366F20E6}.AppStore|iPhoneSimulator.Build.0 = Debug|Any CPU
		{29534DC9-CB44-43B7-AB9C-7897366F20E6}.Debug|Any CPU.ActiveCfg = Debug|Any CPU
		{29534DC9-CB44-43B7-AB9C-7897366F20E6}.Debug|Any CPU.Build.0 = Debug|Any CPU
		{29534DC9-CB44-43B7-AB9C-7897366F20E6}.Debug|iPhone.ActiveCfg = Debug|Any CPU
		{29534DC9-CB44-43B7-AB9C-7897366F20E6}.Debug|iPhone.Build.0 = Debug|Any CPU
		{29534DC9-CB44-43B7-AB9C-7897366F20E6}.Debug|iPhoneSimulator.ActiveCfg = Debug|Any CPU
		{29534DC9-CB44-43B7-AB9C-7897366F20E6}.Debug|iPhoneSimulator.Build.0 = Debug|Any CPU
		{29534DC9-CB44-43B7-AB9C-7897366F20E6}.Release|Any CPU.ActiveCfg = Release|Any CPU
		{29534DC9-CB44-43B7-AB9C-7897366F20E6}.Release|Any CPU.Build.0 = Release|Any CPU
		{29534DC9-CB44-43B7-AB9C-7897366F20E6}.Release|iPhone.ActiveCfg = Release|Any CPU
		{29534DC9-CB44-43B7-AB9C-7897366F20E6}.Release|iPhone.Build.0 = Release|Any CPU
		{29534DC9-CB44-43B7-AB9C-7897366F20E6}.Release|iPhoneSimulator.ActiveCfg = Release|Any CPU
		{29534DC9-CB44-43B7-AB9C-7897366F20E6}.Release|iPhoneSimulator.Build.0 = Release|Any CPU
		{B26BA86D-3DC9-4D55-93DE-68152849518D}.Ad-Hoc|Any CPU.ActiveCfg = Release|Any CPU
		{B26BA86D-3DC9-4D55-93DE-68152849518D}.Ad-Hoc|Any CPU.Build.0 = Release|Any CPU
		{B26BA86D-3DC9-4D55-93DE-68152849518D}.Ad-Hoc|iPhone.ActiveCfg = Release|Any CPU
		{B26BA86D-3DC9-4D55-93DE-68152849518D}.Ad-Hoc|iPhone.Build.0 = Release|Any CPU
		{B26BA86D-3DC9-4D55-93DE-68152849518D}.Ad-Hoc|iPhoneSimulator.ActiveCfg = Release|Any CPU
		{B26BA86D-3DC9-4D55-93DE-68152849518D}.Ad-Hoc|iPhoneSimulator.Build.0 = Release|Any CPU
		{B26BA86D-3DC9-4D55-93DE-68152849518D}.AppStore|Any CPU.ActiveCfg = Release|Any CPU
		{B26BA86D-3DC9-4D55-93DE-68152849518D}.AppStore|Any CPU.Build.0 = Release|Any CPU
		{B26BA86D-3DC9-4D55-93DE-68152849518D}.AppStore|iPhone.ActiveCfg = Release|Any CPU
		{B26BA86D-3DC9-4D55-93DE-68152849518D}.AppStore|iPhone.Build.0 = Release|Any CPU
		{B26BA86D-3DC9-4D55-93DE-68152849518D}.AppStore|iPhoneSimulator.ActiveCfg = Release|Any CPU
		{B26BA86D-3DC9-4D55-93DE-68152849518D}.AppStore|iPhoneSimulator.Build.0 = Release|Any CPU
		{B26BA86D-3DC9-4D55-93DE-68152849518D}.Debug|Any CPU.ActiveCfg = Debug|Any CPU
		{B26BA86D-3DC9-4D55-93DE-68152849518D}.Debug|Any CPU.Build.0 = Debug|Any CPU
		{B26BA86D-3DC9-4D55-93DE-68152849518D}.Debug|iPhone.ActiveCfg = Debug|Any CPU
		{B26BA86D-3DC9-4D55-93DE-68152849518D}.Debug|iPhone.Build.0 = Debug|Any CPU
		{B26BA86D-3DC9-4D55-93DE-68152849518D}.Debug|iPhoneSimulator.ActiveCfg = Debug|Any CPU
		{B26BA86D-3DC9-4D55-93DE-68152849518D}.Debug|iPhoneSimulator.Build.0 = Debug|Any CPU
		{B26BA86D-3DC9-4D55-93DE-68152849518D}.Release|Any CPU.ActiveCfg = Release|Any CPU
		{B26BA86D-3DC9-4D55-93DE-68152849518D}.Release|Any CPU.Build.0 = Release|Any CPU
		{B26BA86D-3DC9-4D55-93DE-68152849518D}.Release|iPhone.ActiveCfg = Release|Any CPU
		{B26BA86D-3DC9-4D55-93DE-68152849518D}.Release|iPhone.Build.0 = Release|Any CPU
		{B26BA86D-3DC9-4D55-93DE-68152849518D}.Release|iPhoneSimulator.ActiveCfg = Release|Any CPU
		{B26BA86D-3DC9-4D55-93DE-68152849518D}.Release|iPhoneSimulator.Build.0 = Release|Any CPU
		{15A19A3F-01B1-4D3C-A94A-87A2AAB677D3}.Ad-Hoc|Any CPU.ActiveCfg = Debug|Any CPU
		{15A19A3F-01B1-4D3C-A94A-87A2AAB677D3}.Ad-Hoc|Any CPU.Build.0 = Debug|Any CPU
		{15A19A3F-01B1-4D3C-A94A-87A2AAB677D3}.Ad-Hoc|iPhone.ActiveCfg = Debug|Any CPU
		{15A19A3F-01B1-4D3C-A94A-87A2AAB677D3}.Ad-Hoc|iPhone.Build.0 = Debug|Any CPU
		{15A19A3F-01B1-4D3C-A94A-87A2AAB677D3}.Ad-Hoc|iPhoneSimulator.ActiveCfg = Debug|Any CPU
		{15A19A3F-01B1-4D3C-A94A-87A2AAB677D3}.Ad-Hoc|iPhoneSimulator.Build.0 = Debug|Any CPU
		{15A19A3F-01B1-4D3C-A94A-87A2AAB677D3}.AppStore|Any CPU.ActiveCfg = Debug|Any CPU
		{15A19A3F-01B1-4D3C-A94A-87A2AAB677D3}.AppStore|Any CPU.Build.0 = Debug|Any CPU
		{15A19A3F-01B1-4D3C-A94A-87A2AAB677D3}.AppStore|iPhone.ActiveCfg = Debug|Any CPU
		{15A19A3F-01B1-4D3C-A94A-87A2AAB677D3}.AppStore|iPhone.Build.0 = Debug|Any CPU
		{15A19A3F-01B1-4D3C-A94A-87A2AAB677D3}.AppStore|iPhoneSimulator.ActiveCfg = Debug|Any CPU
		{15A19A3F-01B1-4D3C-A94A-87A2AAB677D3}.AppStore|iPhoneSimulator.Build.0 = Debug|Any CPU
		{15A19A3F-01B1-4D3C-A94A-87A2AAB677D3}.Debug|Any CPU.ActiveCfg = Debug|Any CPU
		{15A19A3F-01B1-4D3C-A94A-87A2AAB677D3}.Debug|Any CPU.Build.0 = Debug|Any CPU
		{15A19A3F-01B1-4D3C-A94A-87A2AAB677D3}.Debug|iPhone.ActiveCfg = Debug|Any CPU
		{15A19A3F-01B1-4D3C-A94A-87A2AAB677D3}.Debug|iPhone.Build.0 = Debug|Any CPU
		{15A19A3F-01B1-4D3C-A94A-87A2AAB677D3}.Debug|iPhoneSimulator.ActiveCfg = Debug|Any CPU
		{15A19A3F-01B1-4D3C-A94A-87A2AAB677D3}.Debug|iPhoneSimulator.Build.0 = Debug|Any CPU
		{15A19A3F-01B1-4D3C-A94A-87A2AAB677D3}.Release|Any CPU.ActiveCfg = Release|Any CPU
		{15A19A3F-01B1-4D3C-A94A-87A2AAB677D3}.Release|Any CPU.Build.0 = Release|Any CPU
		{15A19A3F-01B1-4D3C-A94A-87A2AAB677D3}.Release|iPhone.ActiveCfg = Release|Any CPU
		{15A19A3F-01B1-4D3C-A94A-87A2AAB677D3}.Release|iPhone.Build.0 = Release|Any CPU
		{15A19A3F-01B1-4D3C-A94A-87A2AAB677D3}.Release|iPhoneSimulator.ActiveCfg = Release|Any CPU
		{15A19A3F-01B1-4D3C-A94A-87A2AAB677D3}.Release|iPhoneSimulator.Build.0 = Release|Any CPU
	EndGlobalSection
	GlobalSection(SolutionProperties) = preSolution
		HideSolutionNode = FALSE
	EndGlobalSection
	GlobalSection(NestedProjects) = preSolution
		{EC076A88-6BAC-41C3-9026-9B974939C856} = {DD3B46F3-7A5E-49B4-9584-D11BF55BD8CD}
		{A52068FE-A219-4FD3-A218-44960F877553} = {CE29B2F6-26FF-491A-B8D6-79DCD84E6ECE}
		{C9EF87BC-1DA7-4887-A4E4-E27D2D259191} = {DD3B46F3-7A5E-49B4-9584-D11BF55BD8CD}
		{112B137A-8F94-4E7B-A77B-685EFF84EC07} = {DD3B46F3-7A5E-49B4-9584-D11BF55BD8CD}
		{2E633E41-64E1-4AE7-BFD4-C10D78FEDB85} = {CE29B2F6-26FF-491A-B8D6-79DCD84E6ECE}
		{29534DC9-CB44-43B7-AB9C-7897366F20E6} = {A6C349EB-C9E6-40F2-8E8A-10EDC19C96AE}
		{B26BA86D-3DC9-4D55-93DE-68152849518D} = {CE29B2F6-26FF-491A-B8D6-79DCD84E6ECE}
		{15A19A3F-01B1-4D3C-A94A-87A2AAB677D3} = {A6C349EB-C9E6-40F2-8E8A-10EDC19C96AE}
	EndGlobalSection
EndGlobal
